// !$*UTF8*$!
{
	archiveVersion = 1;
	classes = {
	};
	objectVersion = 46;
	objects = {

/* Begin PBXContainerItemProxy section */
		143D8469187F515B001FDF21 /* PBXContainerItemProxy */ = {
			isa = PBXContainerItemProxy;
			containerPortal = 143D8464187F515B001FDF21 /* actor.xcodeproj */;
			proxyType = 2;
			remoteGlobalIDString = 143D8448187F4E4F001FDF21;
			remoteInfo = actor_user;
		};
		143D846B187F515B001FDF21 /* PBXContainerItemProxy */ = {
			isa = PBXContainerItemProxy;
			containerPortal = 143D8464187F515B001FDF21 /* actor.xcodeproj */;
			proxyType = 2;
			remoteGlobalIDString = 143D8455187F4E91001FDF21;
			remoteInfo = actor_rd;
		};
		14E2DE631879EDE00074ED1E /* PBXContainerItemProxy */ = {
			isa = PBXContainerItemProxy;
			containerPortal = 14E2DE5F1879EDE00074ED1E /* market_server.xcodeproj */;
			proxyType = 2;
			remoteGlobalIDString = 14E2DE531879EDE00074ED1E;
			remoteInfo = market_server;
		};
/* End PBXContainerItemProxy section */

/* Begin PBXFileReference section */
		14186D89188031490092906A /* .gitignore */ = {isa = PBXFileReference; lastKnownFileType = text; path = .gitignore; sourceTree = "<group>"; };
		143D8464187F515B001FDF21 /* actor.xcodeproj */ = {isa = PBXFileReference; lastKnownFileType = "wrapper.pb-project"; name = actor.xcodeproj; path = actor/actor.xcodeproj; sourceTree = "<group>"; };
		143D847D187F5203001FDF21 /* Conception.xcodeproj */ = {isa = PBXFileReference; lastKnownFileType = "wrapper.pb-project"; name = Conception.xcodeproj; path = Conception/Conception.xcodeproj; sourceTree = "<group>"; };
		14E2DE5F1879EDE00074ED1E /* market_server.xcodeproj */ = {isa = PBXFileReference; lastKnownFileType = "wrapper.pb-project"; name = market_server.xcodeproj; path = market_server/market_server.xcodeproj; sourceTree = "<group>"; };
/* End PBXFileReference section */

/* Begin PBXGroup section */
		143D8465187F515B001FDF21 /* Products */ = {
			isa = PBXGroup;
			children = (
				143D846A187F515B001FDF21 /* actor_user */,
				143D846C187F515B001FDF21 /* actor_rd */,
			);
			name = Products;
			sourceTree = "<group>";
		};
		143D847E187F5203001FDF21 /* Products */ = {
			isa = PBXGroup;
			children = (
			);
			name = Products;
			sourceTree = "<group>";
		};
		14E2DE431879EDCE0074ED1E = {
			isa = PBXGroup;
			children = (
				14186D89188031490092906A /* .gitignore */,
				143D847D187F5203001FDF21 /* Conception.xcodeproj */,
				143D8464187F515B001FDF21 /* actor.xcodeproj */,
				14E2DE5F1879EDE00074ED1E /* market_server.xcodeproj */,
			);
			sourceTree = "<group>";
		};
		14E2DE601879EDE00074ED1E /* Products */ = {
			isa = PBXGroup;
			children = (
				14E2DE641879EDE00074ED1E /* market_server */,
			);
			name = Products;
			sourceTree = "<group>";
		};
/* End PBXGroup section */

/* Begin PBXProject section */
		14E2DE441879EDCE0074ED1E /* Project object */ = {
			isa = PBXProject;
			attributes = {
				LastUpgradeCheck = 0500;
			};
			buildConfigurationList = 14E2DE471879EDCE0074ED1E /* Build configuration list for PBXProject "Prog_MT_Project" */;
			compatibilityVersion = "Xcode 3.2";
			developmentRegion = English;
			hasScannedForEncodings = 0;
			knownRegions = (
				en,
			);
			mainGroup = 14E2DE431879EDCE0074ED1E;
			projectDirPath = "";
			projectReferences = (
				{
					ProductGroup = 143D8465187F515B001FDF21 /* Products */;
					ProjectRef = 143D8464187F515B001FDF21 /* actor.xcodeproj */;
				},
				{
					ProductGroup = 143D847E187F5203001FDF21 /* Products */;
					ProjectRef = 143D847D187F5203001FDF21 /* Conception.xcodeproj */;
				},
				{
					ProductGroup = 14E2DE601879EDE00074ED1E /* Products */;
					ProjectRef = 14E2DE5F1879EDE00074ED1E /* market_server.xcodeproj */;
				},
			);
			projectRoot = "";
			targets = (
			);
		};
/* End PBXProject section */

/* Begin PBXReferenceProxy section */
		143D846A187F515B001FDF21 /* actor_user */ = {
			isa = PBXReferenceProxy;
			fileType = "compiled.mach-o.executable";
			path = actor_user;
			remoteRef = 143D8469187F515B001FDF21 /* PBXContainerItemProxy */;
			sourceTree = BUILT_PRODUCTS_DIR;
		};
		143D846C187F515B001FDF21 /* actor_rd */ = {
			isa = PBXReferenceProxy;
			fileType = "compiled.mach-o.executable";
			path = actor_rd;
			remoteRef = 143D846B187F515B001FDF21 /* PBXContainerItemProxy */;
			sourceTree = BUILT_PRODUCTS_DIR;
		};
		14E2DE641879EDE00074ED1E /* market_server */ = {
			isa = PBXReferenceProxy;
			fileType = "compiled.mach-o.executable";
			path = market_server;
			remoteRef = 14E2DE631879EDE00074ED1E /* PBXContainerItemProxy */;
			sourceTree = BUILT_PRODUCTS_DIR;
		};
/* End PBXReferenceProxy section */

/* Begin XCBuildConfiguration section */
		14E2DE481879EDCE0074ED1E /* Debug */ = {
			isa = XCBuildConfiguration;
			buildSettings = {
			};
			name = Debug;
		};
		14E2DE491879EDCE0074ED1E /* Release */ = {
			isa = XCBuildConfiguration;
			buildSettings = {
			};
			name = Release;
		};
/* End XCBuildConfiguration section */

/* Begin XCConfigurationList section */
		14E2DE471879EDCE0074ED1E /* Build configuration list for PBXProject "Prog_MT_Project" */ = {
			isa = XCConfigurationList;
			buildConfigurations = (
				14E2DE481879EDCE0074ED1E /* Debug */,
				14E2DE491879EDCE0074ED1E /* Release */,
			);
			defaultConfigurationIsVisible = 0;
			defaultConfigurationName = Release;
		};
/* End XCConfigurationList section */
	};
	rootObject = 14E2DE441879EDCE0074ED1E /* Project object */;
}
